
Microsoft Visual Studio Solution File, Format Version 12.00
# Visual Studio Version 17
VisualStudioVersion = 17.8.34004.107
MinimumVisualStudioVersion = 10.0.40219.1
Project("{2150E333-8FDC-42A3-9474-1A3956D46DE8}") = "Services", "Services", "{42EB865F-0DC2-40B8-82E2-4FA245FE52E8}"
EndProject
Project("{2150E333-8FDC-42A3-9474-1A3956D46DE8}") = "Catalog", "Catalog", "{BD8B5E62-18C6-4F1F-8A55-4D0B5157CB26}"
EndProject
Project("{FAE04EC0-301F-11D3-BF4B-00C04F79EFBC}") = "Catalog.API", "Services\Catalog\Catalog.API\Catalog.API.csproj", "{6A486A88-4FE9-4E3C-BDA4-E9A23378C5E1}"
EndProject
Global
	GlobalSection(SolutionConfigurationPlatforms) = preSolution
		Debug|Any CPU = Debug|Any CPU
		Release|Any CPU = Release|Any CPU
	EndGlobalSection
	GlobalSection(ProjectConfigurationPlatforms) = postSolution
		{6A486A88-4FE9-4E3C-BDA4-E9A23378C5E1}.Debug|Any CPU.ActiveCfg = Debug|Any CPU
		{6A486A88-4FE9-4E3C-BDA4-E9A23378C5E1}.Debug|Any CPU.Build.0 = Debug|Any CPU
		{6A486A88-4FE9-4E3C-BDA4-E9A23378C5E1}.Release|Any CPU.ActiveCfg = Release|Any CPU
		{6A486A88-4FE9-4E3C-BDA4-E9A23378C5E1}.Release|Any CPU.Build.0 = Release|Any CPU
	EndGlobalSection
	GlobalSection(SolutionProperties) = preSolution
		HideSolutionNode = FALSE
	EndGlobalSection
	GlobalSection(NestedProjects) = preSolution
		{BD8B5E62-18C6-4F1F-8A55-4D0B5157CB26} = {42EB865F-0DC2-40B8-82E2-4FA245FE52E8}
		{6A486A88-4FE9-4E3C-BDA4-E9A23378C5E1} = {BD8B5E62-18C6-4F1F-8A55-4D0B5157CB26}
	EndGlobalSection
	GlobalSection(ExtensibilityGlobals) = postSolution
		SolutionGuid = {17016BE3-EB19-4182-AA8F-4DC93C5AF2CF}
	EndGlobalSection
EndGlobal
