
Microsoft Visual Studio Solution File, Format Version 12.00
# Visual Studio Version 17
VisualStudioVersion = 17.8.34004.107
MinimumVisualStudioVersion = 10.0.40219.1
Project("{2150E333-8FDC-42A3-9474-1A3956D46DE8}") = "Services", "Services", "{42EB865F-0DC2-40B8-82E2-4FA245FE52E8}"
EndProject
Project("{2150E333-8FDC-42A3-9474-1A3956D46DE8}") = "Catalog", "Catalog", "{BD8B5E62-18C6-4F1F-8A55-4D0B5157CB26}"
EndProject
Project("{9A19103F-16F7-4668-BE54-9A1E7A4F7556}") = "Catalog.API", "Services\Catalog\Catalog.API\Catalog.API.csproj", "{6A486A88-4FE9-4E3C-BDA4-E9A23378C5E1}"
EndProject
Project("{9A19103F-16F7-4668-BE54-9A1E7A4F7556}") = "Catalog.Entities", "Services\Catalog\Catalog.Entities\Catalog.Entities.csproj", "{751A7FD0-B7EF-4077-ACCC-C77CF38674D7}"
EndProject
Project("{9A19103F-16F7-4668-BE54-9A1E7A4F7556}") = "Catalog.DataAccess", "Services\Catalog\Catalog.DataAccess\Catalog.DataAccess.csproj", "{00E45E3A-36B4-44BD-A8A8-2E9DAA62B4D2}"
EndProject
Project("{9A19103F-16F7-4668-BE54-9A1E7A4F7556}") = "Catalog.Utility", "Services\Catalog\Catalog.Utility\Catalog.Utility.csproj", "{65C3E6AF-5B66-430C-B08B-BFC1D750063E}"
EndProject
Project("{E53339B2-1760-4266-BCC7-CA923CBCF16C}") = "docker-compose", "docker-compose.dcproj", "{E890CF8B-C4FF-406F-822F-3E9143E2A2E5}"
EndProject
Project("{2150E333-8FDC-42A3-9474-1A3956D46DE8}") = "Basket", "Basket", "{E5E2FEE5-AD7C-480F-89D2-9F33AD447C99}"
EndProject
Project("{9A19103F-16F7-4668-BE54-9A1E7A4F7556}") = "Basket.API", "Services\Basket\Basket.API\Basket.API.csproj", "{209018BB-DFF3-45CB-A616-01FCB459E282}"
EndProject
Project("{9A19103F-16F7-4668-BE54-9A1E7A4F7556}") = "Basket.Utility", "Services\Basket\Basket.Utility\Basket.Utility.csproj", "{7491674E-9D82-4AAC-A7F5-0C0D9B171C8D}"
EndProject
Project("{9A19103F-16F7-4668-BE54-9A1E7A4F7556}") = "Basket.Entities", "Services\Basket\Basket.Entities\Basket.Entities.csproj", "{8158EF87-4BF9-47E2-B63A-994FD7E1CA02}"
EndProject
Project("{9A19103F-16F7-4668-BE54-9A1E7A4F7556}") = "Basket.DataAccess", "Services\Basket\Basket.DataAccess\Basket.DataAccess.csproj", "{AB5BD594-E222-4360-A111-CDDEAD176B8F}"
EndProject
Project("{2150E333-8FDC-42A3-9474-1A3956D46DE8}") = "Discount", "Discount", "{80B401E0-E1C5-4277-9250-1671FD7FD09C}"
EndProject
Project("{9A19103F-16F7-4668-BE54-9A1E7A4F7556}") = "Discount.API", "Services\Discount\Discount.API\Discount.API.csproj", "{9482B948-6B05-41BC-9A3D-114BFD8DFE4D}"
EndProject
Project("{9A19103F-16F7-4668-BE54-9A1E7A4F7556}") = "Discount.Entities", "Services\Discount\Discount.Entities\Discount.Entities.csproj", "{AB11F815-28ED-42AF-A35F-AFC3454ABDE8}"
EndProject
Project("{9A19103F-16F7-4668-BE54-9A1E7A4F7556}") = "Discount.DataAccess", "Services\Discount\Discount.DataAccess\Discount.DataAccess.csproj", "{BD40BE0A-EB8C-40E7-9964-AD0B2DA90AFC}"
EndProject
Project("{9A19103F-16F7-4668-BE54-9A1E7A4F7556}") = "Discount.Utilities", "Services\Discount\Discount.Utilities\Discount.Utilities.csproj", "{DBC4667C-2CFD-4918-A47A-15B52434DFEC}"
EndProject
Project("{9A19103F-16F7-4668-BE54-9A1E7A4F7556}") = "Discount.GRPC", "Services\Discount\Discount.GRPC\Discount.GRPC.csproj", "{35005E9D-93D2-4800-AFA8-CE83260EE216}"
EndProject
Project("{9A19103F-16F7-4668-BE54-9A1E7A4F7556}") = "Basket.Services", "Services\Basket\Basket.Services\Basket.Services.csproj", "{D7B1BE9E-5379-43AD-8668-09CD68538796}"
EndProject
Project("{2150E333-8FDC-42A3-9474-1A3956D46DE8}") = "Ordering", "Ordering", "{CF41372C-F319-497E-8F12-8A1675C3D4CC}"
EndProject
Project("{9A19103F-16F7-4668-BE54-9A1E7A4F7556}") = "Ordering.API", "Services\Ordering\Ordering.API\Ordering.API.csproj", "{A8B15C69-CB9A-463C-886F-BE63780A4532}"
EndProject
Project("{9A19103F-16F7-4668-BE54-9A1E7A4F7556}") = "Ordering.Domain", "Services\Ordering\Ordering.Domain\Ordering.Domain.csproj", "{E7A83446-4818-467A-A99C-EBDFA3E05467}"
EndProject
Project("{9A19103F-16F7-4668-BE54-9A1E7A4F7556}") = "Ordering.Application", "Services\Ordering\Ordering.Application\Ordering.Application.csproj", "{40A34607-2E7A-4E2B-84A0-1CB937A0B5A2}"
EndProject
Project("{9A19103F-16F7-4668-BE54-9A1E7A4F7556}") = "Ordering.Infrastructure", "Services\Ordering\Ordering.Infrastructure\Ordering.Infrastructure.csproj", "{A75E22C6-08F7-458D-9CD8-64C9B0D1E7B8}"
EndProject
Project("{2150E333-8FDC-42A3-9474-1A3956D46DE8}") = "Shared", "Shared", "{2C91BA3D-A38B-457F-8E97-5E6C0245826B}"
EndProject
Project("{9A19103F-16F7-4668-BE54-9A1E7A4F7556}") = "EventBus.Messages", "Shared\EventBus.Messages\EventBus.Messages.csproj", "{22E40835-395A-4583-A23F-70E4A4433413}"
EndProject
Project("{2150E333-8FDC-42A3-9474-1A3956D46DE8}") = "ApiGateways", "ApiGateways", "{A619E3DF-D8D7-4A84-AB99-C635B13B0030}"
EndProject
Project("{FAE04EC0-301F-11D3-BF4B-00C04F79EFBC}") = "OcelotApiGw", "ApiGateways\OcelotApiGw\OcelotApiGw.csproj", "{D040BF25-5EAF-42EE-ADA5-4C9EBD97B2B7}"
EndProject
Global
	GlobalSection(SolutionConfigurationPlatforms) = preSolution
		Debug|Any CPU = Debug|Any CPU
		Release|Any CPU = Release|Any CPU
	EndGlobalSection
	GlobalSection(ProjectConfigurationPlatforms) = postSolution
		{6A486A88-4FE9-4E3C-BDA4-E9A23378C5E1}.Debug|Any CPU.ActiveCfg = Debug|Any CPU
		{6A486A88-4FE9-4E3C-BDA4-E9A23378C5E1}.Debug|Any CPU.Build.0 = Debug|Any CPU
		{6A486A88-4FE9-4E3C-BDA4-E9A23378C5E1}.Release|Any CPU.ActiveCfg = Release|Any CPU
		{6A486A88-4FE9-4E3C-BDA4-E9A23378C5E1}.Release|Any CPU.Build.0 = Release|Any CPU
		{751A7FD0-B7EF-4077-ACCC-C77CF38674D7}.Debug|Any CPU.ActiveCfg = Debug|Any CPU
		{751A7FD0-B7EF-4077-ACCC-C77CF38674D7}.Debug|Any CPU.Build.0 = Debug|Any CPU
		{751A7FD0-B7EF-4077-ACCC-C77CF38674D7}.Release|Any CPU.ActiveCfg = Release|Any CPU
		{751A7FD0-B7EF-4077-ACCC-C77CF38674D7}.Release|Any CPU.Build.0 = Release|Any CPU
		{00E45E3A-36B4-44BD-A8A8-2E9DAA62B4D2}.Debug|Any CPU.ActiveCfg = Debug|Any CPU
		{00E45E3A-36B4-44BD-A8A8-2E9DAA62B4D2}.Debug|Any CPU.Build.0 = Debug|Any CPU
		{00E45E3A-36B4-44BD-A8A8-2E9DAA62B4D2}.Release|Any CPU.ActiveCfg = Release|Any CPU
		{00E45E3A-36B4-44BD-A8A8-2E9DAA62B4D2}.Release|Any CPU.Build.0 = Release|Any CPU
		{65C3E6AF-5B66-430C-B08B-BFC1D750063E}.Debug|Any CPU.ActiveCfg = Debug|Any CPU
		{65C3E6AF-5B66-430C-B08B-BFC1D750063E}.Debug|Any CPU.Build.0 = Debug|Any CPU
		{65C3E6AF-5B66-430C-B08B-BFC1D750063E}.Release|Any CPU.ActiveCfg = Release|Any CPU
		{65C3E6AF-5B66-430C-B08B-BFC1D750063E}.Release|Any CPU.Build.0 = Release|Any CPU
		{E890CF8B-C4FF-406F-822F-3E9143E2A2E5}.Debug|Any CPU.ActiveCfg = Debug|Any CPU
		{E890CF8B-C4FF-406F-822F-3E9143E2A2E5}.Debug|Any CPU.Build.0 = Debug|Any CPU
		{E890CF8B-C4FF-406F-822F-3E9143E2A2E5}.Release|Any CPU.ActiveCfg = Release|Any CPU
		{E890CF8B-C4FF-406F-822F-3E9143E2A2E5}.Release|Any CPU.Build.0 = Release|Any CPU
		{209018BB-DFF3-45CB-A616-01FCB459E282}.Debug|Any CPU.ActiveCfg = Debug|Any CPU
		{209018BB-DFF3-45CB-A616-01FCB459E282}.Debug|Any CPU.Build.0 = Debug|Any CPU
		{209018BB-DFF3-45CB-A616-01FCB459E282}.Release|Any CPU.ActiveCfg = Release|Any CPU
		{209018BB-DFF3-45CB-A616-01FCB459E282}.Release|Any CPU.Build.0 = Release|Any CPU
		{7491674E-9D82-4AAC-A7F5-0C0D9B171C8D}.Debug|Any CPU.ActiveCfg = Debug|Any CPU
		{7491674E-9D82-4AAC-A7F5-0C0D9B171C8D}.Debug|Any CPU.Build.0 = Debug|Any CPU
		{7491674E-9D82-4AAC-A7F5-0C0D9B171C8D}.Release|Any CPU.ActiveCfg = Release|Any CPU
		{7491674E-9D82-4AAC-A7F5-0C0D9B171C8D}.Release|Any CPU.Build.0 = Release|Any CPU
		{8158EF87-4BF9-47E2-B63A-994FD7E1CA02}.Debug|Any CPU.ActiveCfg = Debug|Any CPU
		{8158EF87-4BF9-47E2-B63A-994FD7E1CA02}.Debug|Any CPU.Build.0 = Debug|Any CPU
		{8158EF87-4BF9-47E2-B63A-994FD7E1CA02}.Release|Any CPU.ActiveCfg = Release|Any CPU
		{8158EF87-4BF9-47E2-B63A-994FD7E1CA02}.Release|Any CPU.Build.0 = Release|Any CPU
		{AB5BD594-E222-4360-A111-CDDEAD176B8F}.Debug|Any CPU.ActiveCfg = Debug|Any CPU
		{AB5BD594-E222-4360-A111-CDDEAD176B8F}.Debug|Any CPU.Build.0 = Debug|Any CPU
		{AB5BD594-E222-4360-A111-CDDEAD176B8F}.Release|Any CPU.ActiveCfg = Release|Any CPU
		{AB5BD594-E222-4360-A111-CDDEAD176B8F}.Release|Any CPU.Build.0 = Release|Any CPU
		{9482B948-6B05-41BC-9A3D-114BFD8DFE4D}.Debug|Any CPU.ActiveCfg = Debug|Any CPU
		{9482B948-6B05-41BC-9A3D-114BFD8DFE4D}.Debug|Any CPU.Build.0 = Debug|Any CPU
		{9482B948-6B05-41BC-9A3D-114BFD8DFE4D}.Release|Any CPU.ActiveCfg = Release|Any CPU
		{9482B948-6B05-41BC-9A3D-114BFD8DFE4D}.Release|Any CPU.Build.0 = Release|Any CPU
		{AB11F815-28ED-42AF-A35F-AFC3454ABDE8}.Debug|Any CPU.ActiveCfg = Debug|Any CPU
		{AB11F815-28ED-42AF-A35F-AFC3454ABDE8}.Debug|Any CPU.Build.0 = Debug|Any CPU
		{AB11F815-28ED-42AF-A35F-AFC3454ABDE8}.Release|Any CPU.ActiveCfg = Release|Any CPU
		{AB11F815-28ED-42AF-A35F-AFC3454ABDE8}.Release|Any CPU.Build.0 = Release|Any CPU
		{BD40BE0A-EB8C-40E7-9964-AD0B2DA90AFC}.Debug|Any CPU.ActiveCfg = Debug|Any CPU
		{BD40BE0A-EB8C-40E7-9964-AD0B2DA90AFC}.Debug|Any CPU.Build.0 = Debug|Any CPU
		{BD40BE0A-EB8C-40E7-9964-AD0B2DA90AFC}.Release|Any CPU.ActiveCfg = Release|Any CPU
		{BD40BE0A-EB8C-40E7-9964-AD0B2DA90AFC}.Release|Any CPU.Build.0 = Release|Any CPU
		{DBC4667C-2CFD-4918-A47A-15B52434DFEC}.Debug|Any CPU.ActiveCfg = Debug|Any CPU
		{DBC4667C-2CFD-4918-A47A-15B52434DFEC}.Debug|Any CPU.Build.0 = Debug|Any CPU
		{DBC4667C-2CFD-4918-A47A-15B52434DFEC}.Release|Any CPU.ActiveCfg = Release|Any CPU
		{DBC4667C-2CFD-4918-A47A-15B52434DFEC}.Release|Any CPU.Build.0 = Release|Any CPU
		{35005E9D-93D2-4800-AFA8-CE83260EE216}.Debug|Any CPU.ActiveCfg = Debug|Any CPU
		{35005E9D-93D2-4800-AFA8-CE83260EE216}.Debug|Any CPU.Build.0 = Debug|Any CPU
		{35005E9D-93D2-4800-AFA8-CE83260EE216}.Release|Any CPU.ActiveCfg = Release|Any CPU
		{35005E9D-93D2-4800-AFA8-CE83260EE216}.Release|Any CPU.Build.0 = Release|Any CPU
		{D7B1BE9E-5379-43AD-8668-09CD68538796}.Debug|Any CPU.ActiveCfg = Debug|Any CPU
		{D7B1BE9E-5379-43AD-8668-09CD68538796}.Debug|Any CPU.Build.0 = Debug|Any CPU
		{D7B1BE9E-5379-43AD-8668-09CD68538796}.Release|Any CPU.ActiveCfg = Release|Any CPU
		{D7B1BE9E-5379-43AD-8668-09CD68538796}.Release|Any CPU.Build.0 = Release|Any CPU
		{A8B15C69-CB9A-463C-886F-BE63780A4532}.Debug|Any CPU.ActiveCfg = Debug|Any CPU
		{A8B15C69-CB9A-463C-886F-BE63780A4532}.Debug|Any CPU.Build.0 = Debug|Any CPU
		{A8B15C69-CB9A-463C-886F-BE63780A4532}.Release|Any CPU.ActiveCfg = Release|Any CPU
		{A8B15C69-CB9A-463C-886F-BE63780A4532}.Release|Any CPU.Build.0 = Release|Any CPU
		{E7A83446-4818-467A-A99C-EBDFA3E05467}.Debug|Any CPU.ActiveCfg = Debug|Any CPU
		{E7A83446-4818-467A-A99C-EBDFA3E05467}.Debug|Any CPU.Build.0 = Debug|Any CPU
		{E7A83446-4818-467A-A99C-EBDFA3E05467}.Release|Any CPU.ActiveCfg = Release|Any CPU
		{E7A83446-4818-467A-A99C-EBDFA3E05467}.Release|Any CPU.Build.0 = Release|Any CPU
		{40A34607-2E7A-4E2B-84A0-1CB937A0B5A2}.Debug|Any CPU.ActiveCfg = Debug|Any CPU
		{40A34607-2E7A-4E2B-84A0-1CB937A0B5A2}.Debug|Any CPU.Build.0 = Debug|Any CPU
		{40A34607-2E7A-4E2B-84A0-1CB937A0B5A2}.Release|Any CPU.ActiveCfg = Release|Any CPU
		{40A34607-2E7A-4E2B-84A0-1CB937A0B5A2}.Release|Any CPU.Build.0 = Release|Any CPU
		{A75E22C6-08F7-458D-9CD8-64C9B0D1E7B8}.Debug|Any CPU.ActiveCfg = Debug|Any CPU
		{A75E22C6-08F7-458D-9CD8-64C9B0D1E7B8}.Debug|Any CPU.Build.0 = Debug|Any CPU
		{A75E22C6-08F7-458D-9CD8-64C9B0D1E7B8}.Release|Any CPU.ActiveCfg = Release|Any CPU
		{A75E22C6-08F7-458D-9CD8-64C9B0D1E7B8}.Release|Any CPU.Build.0 = Release|Any CPU
		{22E40835-395A-4583-A23F-70E4A4433413}.Debug|Any CPU.ActiveCfg = Debug|Any CPU
		{22E40835-395A-4583-A23F-70E4A4433413}.Debug|Any CPU.Build.0 = Debug|Any CPU
		{22E40835-395A-4583-A23F-70E4A4433413}.Release|Any CPU.ActiveCfg = Release|Any CPU
		{22E40835-395A-4583-A23F-70E4A4433413}.Release|Any CPU.Build.0 = Release|Any CPU
		{D040BF25-5EAF-42EE-ADA5-4C9EBD97B2B7}.Debug|Any CPU.ActiveCfg = Debug|Any CPU
		{D040BF25-5EAF-42EE-ADA5-4C9EBD97B2B7}.Debug|Any CPU.Build.0 = Debug|Any CPU
		{D040BF25-5EAF-42EE-ADA5-4C9EBD97B2B7}.Release|Any CPU.ActiveCfg = Release|Any CPU
		{D040BF25-5EAF-42EE-ADA5-4C9EBD97B2B7}.Release|Any CPU.Build.0 = Release|Any CPU
	EndGlobalSection
	GlobalSection(SolutionProperties) = preSolution
		HideSolutionNode = FALSE
	EndGlobalSection
	GlobalSection(NestedProjects) = preSolution
		{BD8B5E62-18C6-4F1F-8A55-4D0B5157CB26} = {42EB865F-0DC2-40B8-82E2-4FA245FE52E8}
		{6A486A88-4FE9-4E3C-BDA4-E9A23378C5E1} = {BD8B5E62-18C6-4F1F-8A55-4D0B5157CB26}
		{751A7FD0-B7EF-4077-ACCC-C77CF38674D7} = {BD8B5E62-18C6-4F1F-8A55-4D0B5157CB26}
		{00E45E3A-36B4-44BD-A8A8-2E9DAA62B4D2} = {BD8B5E62-18C6-4F1F-8A55-4D0B5157CB26}
		{65C3E6AF-5B66-430C-B08B-BFC1D750063E} = {BD8B5E62-18C6-4F1F-8A55-4D0B5157CB26}
		{E5E2FEE5-AD7C-480F-89D2-9F33AD447C99} = {42EB865F-0DC2-40B8-82E2-4FA245FE52E8}
		{209018BB-DFF3-45CB-A616-01FCB459E282} = {E5E2FEE5-AD7C-480F-89D2-9F33AD447C99}
		{7491674E-9D82-4AAC-A7F5-0C0D9B171C8D} = {E5E2FEE5-AD7C-480F-89D2-9F33AD447C99}
		{8158EF87-4BF9-47E2-B63A-994FD7E1CA02} = {E5E2FEE5-AD7C-480F-89D2-9F33AD447C99}
		{AB5BD594-E222-4360-A111-CDDEAD176B8F} = {E5E2FEE5-AD7C-480F-89D2-9F33AD447C99}
		{80B401E0-E1C5-4277-9250-1671FD7FD09C} = {42EB865F-0DC2-40B8-82E2-4FA245FE52E8}
		{9482B948-6B05-41BC-9A3D-114BFD8DFE4D} = {80B401E0-E1C5-4277-9250-1671FD7FD09C}
		{AB11F815-28ED-42AF-A35F-AFC3454ABDE8} = {80B401E0-E1C5-4277-9250-1671FD7FD09C}
		{BD40BE0A-EB8C-40E7-9964-AD0B2DA90AFC} = {80B401E0-E1C5-4277-9250-1671FD7FD09C}
		{DBC4667C-2CFD-4918-A47A-15B52434DFEC} = {80B401E0-E1C5-4277-9250-1671FD7FD09C}
		{35005E9D-93D2-4800-AFA8-CE83260EE216} = {80B401E0-E1C5-4277-9250-1671FD7FD09C}
		{D7B1BE9E-5379-43AD-8668-09CD68538796} = {E5E2FEE5-AD7C-480F-89D2-9F33AD447C99}
		{CF41372C-F319-497E-8F12-8A1675C3D4CC} = {42EB865F-0DC2-40B8-82E2-4FA245FE52E8}
		{A8B15C69-CB9A-463C-886F-BE63780A4532} = {CF41372C-F319-497E-8F12-8A1675C3D4CC}
		{E7A83446-4818-467A-A99C-EBDFA3E05467} = {CF41372C-F319-497E-8F12-8A1675C3D4CC}
		{40A34607-2E7A-4E2B-84A0-1CB937A0B5A2} = {CF41372C-F319-497E-8F12-8A1675C3D4CC}
		{A75E22C6-08F7-458D-9CD8-64C9B0D1E7B8} = {CF41372C-F319-497E-8F12-8A1675C3D4CC}
		{22E40835-395A-4583-A23F-70E4A4433413} = {2C91BA3D-A38B-457F-8E97-5E6C0245826B}
		{D040BF25-5EAF-42EE-ADA5-4C9EBD97B2B7} = {A619E3DF-D8D7-4A84-AB99-C635B13B0030}
	EndGlobalSection
	GlobalSection(ExtensibilityGlobals) = postSolution
		SolutionGuid = {17016BE3-EB19-4182-AA8F-4DC93C5AF2CF}
	EndGlobalSection
EndGlobal
